
Microsoft Visual Studio Solution File, Format Version 12.00
Project("{FAE04EC0-301F-11D3-BF4B-00C04F79EFBC}") = "CHDSharpLib", "CHDSharpLib\CHDSharpLib.csproj", "{A2A5218C-E382-470A-AAA7-C8D1BB0C578C}"
EndProject
Project("{FAE04EC0-301F-11D3-BF4B-00C04F79EFBC}") = "CHDSharpCli", "CHDSharpCli\CHDSharpCli.csproj", "{B5C1D3E4-F6A7-4B89-C0D1-E2F3A4B5C6D7}"
EndProject
Project("{FAE04EC0-301F-11D3-BF4B-00C04F79EFBC}") = "CHDSharpTest", "CHDSharpTest\CHDSharpTest.csproj", "{A48A9E6D-E855-4467-BCAE-832F9EF35567}"
EndProject
Project("{FAE04EC0-301F-11D3-BF4B-00C04F79EFBC}") = "CHDSharpTester", "CHDSharpTester\CHDSharpTester.csproj", "{952E2D2D-C029-440E-AA63-B0B0E284D97B}"
EndProject
Project("{FAE04EC0-301F-11D3-BF4B-00C04F79EFBC}") = "CHDSharpTestGen", "CHDSharpTestGen\CHDSharpTestGen.csproj", "{EF6C4698-5ECC-4EAE-80C2-0993FA8D92D6}"
EndProject
Project("{FAE04EC0-301F-11D3-BF4B-00C04F79EFBC}") = "CHDSharpEncoder", "CHDSharpEncoder\CHDSharpEncoder.csproj", "{6D020CDC-F7DA-471D-BB9F-7081EFF1AE9B}"
EndProject
Project("{FAE04EC0-301F-11D3-BF4B-00C04F79EFBC}") = "CHDSharpEncoderTest", "CHDSharpEncoderTest\CHDSharpEncoderTest.csproj", "{D20F2BA0-FCA4-488C-ADC6-83B74F718FD4}"
EndProject
Project("{FAE04EC0-301F-11D3-BF4B-00C04F79EFBC}") = "CHDSharpBench", "CHDSharpBench\CHDSharpBench.csproj", "{A7E5F40C-9B31-4A2C-BE77-5D1E2F3A4B5C}"
EndProject
Project("{FAE04EC0-301F-11D3-BF4B-00C04F79EFBC}") = "CHDSharpBattleTest", "CHDSharpBattleTest\CHDSharpBattleTest.csproj", "{C54DD988-C39B-47A6-91AD-D9700FB39202}"
EndProject
Project("{FAE04EC0-301F-11D3-BF4B-00C04F79EFBC}") = "VendoredZLib", "VendoredZLib\VendoredZLib.csproj", "{D5FEE45E-429F-4015-8593-9D935E34ABB6}"
EndProject
Project("{FAE04EC0-301F-11D3-BF4B-00C04F79EFBC}") = "VendoredLZMA", "VendoredLZMA\VendoredLZMA.csproj", "{6B8A7BD9-C6F6-4950-A9D3-C737F7F55542}"
EndProject
Project("{FAE04EC0-301F-11D3-BF4B-00C04F79EFBC}") = "VendoredFlac", "VendoredFlac\VendoredFlac.csproj", "{211468EA-2BB0-40EC-9F6A-2C35516562A2}"
EndProject
Global
	GlobalSection(SolutionConfigurationPlatforms) = preSolution
		Debug|Any CPU = Debug|Any CPU
		Debug|x64 = Debug|x64
		Debug|x86 = Debug|x86
		Release|Any CPU = Release|Any CPU
		Release|x64 = Release|x64
		Release|x86 = Release|x86
	EndGlobalSection
	GlobalSection(ProjectConfigurationPlatforms) = postSolution
		{A2A5218C-E382-470A-AAA7-C8D1BB0C578C}.Debug|Any CPU.ActiveCfg = Debug|Any CPU
		{A2A5218C-E382-470A-AAA7-C8D1BB0C578C}.Debug|Any CPU.Build.0 = Debug|Any CPU
		{A2A5218C-E382-470A-AAA7-C8D1BB0C578C}.Debug|x64.ActiveCfg = Debug|Any CPU
		{A2A5218C-E382-470A-AAA7-C8D1BB0C578C}.Debug|x64.Build.0 = Debug|Any CPU
		{A2A5218C-E382-470A-AAA7-C8D1BB0C578C}.Debug|x86.ActiveCfg = Debug|Any CPU
		{A2A5218C-E382-470A-AAA7-C8D1BB0C578C}.Debug|x86.Build.0 = Debug|Any CPU
		{A2A5218C-E382-470A-AAA7-C8D1BB0C578C}.Release|Any CPU.ActiveCfg = Release|Any CPU
		{A2A5218C-E382-470A-AAA7-C8D1BB0C578C}.Release|Any CPU.Build.0 = Release|Any CPU
		{A2A5218C-E382-470A-AAA7-C8D1BB0C578C}.Release|x64.ActiveCfg = Release|Any CPU
		{A2A5218C-E382-470A-AAA7-C8D1BB0C578C}.Release|x64.Build.0 = Release|Any CPU
		{A2A5218C-E382-470A-AAA7-C8D1BB0C578C}.Release|x86.ActiveCfg = Release|Any CPU
		{A2A5218C-E382-470A-AAA7-C8D1BB0C578C}.Release|x86.Build.0 = Release|Any CPU
		{B5C1D3E4-F6A7-4B89-C0D1-E2F3A4B5C6D7}.Debug|Any CPU.ActiveCfg = Debug|Any CPU
		{B5C1D3E4-F6A7-4B89-C0D1-E2F3A4B5C6D7}.Debug|Any CPU.Build.0 = Debug|Any CPU
		{B5C1D3E4-F6A7-4B89-C0D1-E2F3A4B5C6D7}.Debug|x64.ActiveCfg = Debug|Any CPU
		{B5C1D3E4-F6A7-4B89-C0D1-E2F3A4B5C6D7}.Debug|x64.Build.0 = Debug|Any CPU
		{B5C1D3E4-F6A7-4B89-C0D1-E2F3A4B5C6D7}.Debug|x86.ActiveCfg = Debug|Any CPU
		{B5C1D3E4-F6A7-4B89-C0D1-E2F3A4B5C6D7}.Debug|x86.Build.0 = Debug|Any CPU
		{B5C1D3E4-F6A7-4B89-C0D1-E2F3A4B5C6D7}.Release|Any CPU.ActiveCfg = Release|Any CPU
		{B5C1D3E4-F6A7-4B89-C0D1-E2F3A4B5C6D7}.Release|Any CPU.Build.0 = Release|Any CPU
		{B5C1D3E4-F6A7-4B89-C0D1-E2F3A4B5C6D7}.Release|x64.ActiveCfg = Release|Any CPU
		{B5C1D3E4-F6A7-4B89-C0D1-E2F3A4B5C6D7}.Release|x64.Build.0 = Release|Any CPU
		{B5C1D3E4-F6A7-4B89-C0D1-E2F3A4B5C6D7}.Release|x86.ActiveCfg = Release|Any CPU
		{B5C1D3E4-F6A7-4B89-C0D1-E2F3A4B5C6D7}.Release|x86.Build.0 = Release|Any CPU
		{A48A9E6D-E855-4467-BCAE-832F9EF35567}.Debug|Any CPU.ActiveCfg = Debug|Any CPU
		{A48A9E6D-E855-4467-BCAE-832F9EF35567}.Debug|Any CPU.Build.0 = Debug|Any CPU
		{A48A9E6D-E855-4467-BCAE-832F9EF35567}.Debug|x64.ActiveCfg = Debug|Any CPU
		{A48A9E6D-E855-4467-BCAE-832F9EF35567}.Debug|x64.Build.0 = Debug|Any CPU
		{A48A9E6D-E855-4467-BCAE-832F9EF35567}.Debug|x86.ActiveCfg = Debug|Any CPU
		{A48A9E6D-E855-4467-BCAE-832F9EF35567}.Debug|x86.Build.0 = Debug|Any CPU
		{A48A9E6D-E855-4467-BCAE-832F9EF35567}.Release|Any CPU.ActiveCfg = Release|Any CPU
		{A48A9E6D-E855-4467-BCAE-832F9EF35567}.Release|Any CPU.Build.0 = Release|Any CPU
		{A48A9E6D-E855-4467-BCAE-832F9EF35567}.Release|x64.ActiveCfg = Release|Any CPU
		{A48A9E6D-E855-4467-BCAE-832F9EF35567}.Release|x64.Build.0 = Release|Any CPU
		{A48A9E6D-E855-4467-BCAE-832F9EF35567}.Release|x86.ActiveCfg = Release|Any CPU
		{A48A9E6D-E855-4467-BCAE-832F9EF35567}.Release|x86.Build.0 = Release|Any CPU
		{952E2D2D-C029-440E-AA63-B0B0E284D97B}.Debug|Any CPU.ActiveCfg = Debug|Any CPU
		{952E2D2D-C029-440E-AA63-B0B0E284D97B}.Debug|Any CPU.Build.0 = Debug|Any CPU
		{952E2D2D-C029-440E-AA63-B0B0E284D97B}.Debug|x64.ActiveCfg = Debug|Any CPU
		{952E2D2D-C029-440E-AA63-B0B0E284D97B}.Debug|x64.Build.0 = Debug|Any CPU
		{952E2D2D-C029-440E-AA63-B0B0E284D97B}.Debug|x86.ActiveCfg = Debug|Any CPU
		{952E2D2D-C029-440E-AA63-B0B0E284D97B}.Debug|x86.Build.0 = Debug|Any CPU
		{952E2D2D-C029-440E-AA63-B0B0E284D97B}.Release|Any CPU.ActiveCfg = Release|Any CPU
		{952E2D2D-C029-440E-AA63-B0B0E284D97B}.Release|Any CPU.Build.0 = Release|Any CPU
		{952E2D2D-C029-440E-AA63-B0B0E284D97B}.Release|x64.ActiveCfg = Release|Any CPU
		{952E2D2D-C029-440E-AA63-B0B0E284D97B}.Release|x64.Build.0 = Release|Any CPU
		{952E2D2D-C029-440E-AA63-B0B0E284D97B}.Release|x86.ActiveCfg = Release|Any CPU
		{952E2D2D-C029-440E-AA63-B0B0E284D97B}.Release|x86.Build.0 = Release|Any CPU
		{EF6C4698-5ECC-4EAE-80C2-0993FA8D92D6}.Debug|Any CPU.ActiveCfg = Debug|Any CPU
		{EF6C4698-5ECC-4EAE-80C2-0993FA8D92D6}.Debug|Any CPU.Build.0 = Debug|Any CPU
		{EF6C4698-5ECC-4EAE-80C2-0993FA8D92D6}.Debug|x64.ActiveCfg = Debug|Any CPU
		{EF6C4698-5ECC-4EAE-80C2-0993FA8D92D6}.Debug|x64.Build.0 = Debug|Any CPU
		{EF6C4698-5ECC-4EAE-80C2-0993FA8D92D6}.Debug|x86.ActiveCfg = Debug|Any CPU
		{EF6C4698-5ECC-4EAE-80C2-0993FA8D92D6}.Debug|x86.Build.0 = Debug|Any CPU
		{EF6C4698-5ECC-4EAE-80C2-0993FA8D92D6}.Release|Any CPU.ActiveCfg = Release|Any CPU
		{EF6C4698-5ECC-4EAE-80C2-0993FA8D92D6}.Release|Any CPU.Build.0 = Release|Any CPU
		{EF6C4698-5ECC-4EAE-80C2-0993FA8D92D6}.Release|x64.ActiveCfg = Release|Any CPU
		{EF6C4698-5ECC-4EAE-80C2-0993FA8D92D6}.Release|x64.Build.0 = Release|Any CPU
		{EF6C4698-5ECC-4EAE-80C2-0993FA8D92D6}.Release|x86.ActiveCfg = Release|Any CPU
		{EF6C4698-5ECC-4EAE-80C2-0993FA8D92D6}.Release|x86.Build.0 = Release|Any CPU
		{6D020CDC-F7DA-471D-BB9F-7081EFF1AE9B}.Debug|Any CPU.ActiveCfg = Debug|Any CPU
		{6D020CDC-F7DA-471D-BB9F-7081EFF1AE9B}.Debug|Any CPU.Build.0 = Debug|Any CPU
		{6D020CDC-F7DA-471D-BB9F-7081EFF1AE9B}.Debug|x64.ActiveCfg = Debug|Any CPU
		{6D020CDC-F7DA-471D-BB9F-7081EFF1AE9B}.Debug|x64.Build.0 = Debug|Any CPU
		{6D020CDC-F7DA-471D-BB9F-7081EFF1AE9B}.Debug|x86.ActiveCfg = Debug|Any CPU
		{6D020CDC-F7DA-471D-BB9F-7081EFF1AE9B}.Debug|x86.Build.0 = Debug|Any CPU
		{6D020CDC-F7DA-471D-BB9F-7081EFF1AE9B}.Release|Any CPU.ActiveCfg = Release|Any CPU
		{6D020CDC-F7DA-471D-BB9F-7081EFF1AE9B}.Release|Any CPU.Build.0 = Release|Any CPU
		{6D020CDC-F7DA-471D-BB9F-7081EFF1AE9B}.Release|x64.ActiveCfg = Release|Any CPU
		{6D020CDC-F7DA-471D-BB9F-7081EFF1AE9B}.Release|x64.Build.0 = Release|Any CPU
		{6D020CDC-F7DA-471D-BB9F-7081EFF1AE9B}.Release|x86.ActiveCfg = Release|Any CPU
		{6D020CDC-F7DA-471D-BB9F-7081EFF1AE9B}.Release|x86.Build.0 = Release|Any CPU
		{D20F2BA0-FCA4-488C-ADC6-83B74F718FD4}.Debug|Any CPU.ActiveCfg = Debug|Any CPU
		{D20F2BA0-FCA4-488C-ADC6-83B74F718FD4}.Debug|Any CPU.Build.0 = Debug|Any CPU
		{D20F2BA0-FCA4-488C-ADC6-83B74F718FD4}.Debug|x64.ActiveCfg = Debug|Any CPU
		{D20F2BA0-FCA4-488C-ADC6-83B74F718FD4}.Debug|x64.Build.0 = Debug|Any CPU
		{D20F2BA0-FCA4-488C-ADC6-83B74F718FD4}.Debug|x86.ActiveCfg = Debug|Any CPU
		{D20F2BA0-FCA4-488C-ADC6-83B74F718FD4}.Debug|x86.Build.0 = Debug|Any CPU
		{D20F2BA0-FCA4-488C-ADC6-83B74F718FD4}.Release|Any CPU.ActiveCfg = Release|Any CPU
		{D20F2BA0-FCA4-488C-ADC6-83B74F718FD4}.Release|Any CPU.Build.0 = Release|Any CPU
		{D20F2BA0-FCA4-488C-ADC6-83B74F718FD4}.Release|x64.ActiveCfg = Release|Any CPU
		{D20F2BA0-FCA4-488C-ADC6-83B74F718FD4}.Release|x64.Build.0 = Release|Any CPU
		{D20F2BA0-FCA4-488C-ADC6-83B74F718FD4}.Release|x86.ActiveCfg = Release|Any CPU
		{D20F2BA0-FCA4-488C-ADC6-83B74F718FD4}.Release|x86.Build.0 = Release|Any CPU
		{A7E5F40C-9B31-4A2C-BE77-5D1E2F3A4B5C}.Debug|Any CPU.ActiveCfg = Debug|Any CPU
		{A7E5F40C-9B31-4A2C-BE77-5D1E2F3A4B5C}.Debug|Any CPU.Build.0 = Debug|Any CPU
		{A7E5F40C-9B31-4A2C-BE77-5D1E2F3A4B5C}.Debug|x64.ActiveCfg = Debug|Any CPU
		{A7E5F40C-9B31-4A2C-BE77-5D1E2F3A4B5C}.Debug|x64.Build.0 = Debug|Any CPU
		{A7E5F40C-9B31-4A2C-BE77-5D1E2F3A4B5C}.Debug|x86.ActiveCfg = Debug|Any CPU
		{A7E5F40C-9B31-4A2C-BE77-5D1E2F3A4B5C}.Debug|x86.Build.0 = Debug|Any CPU
		{A7E5F40C-9B31-4A2C-BE77-5D1E2F3A4B5C}.Release|Any CPU.ActiveCfg = Release|Any CPU
		{A7E5F40C-9B31-4A2C-BE77-5D1E2F3A4B5C}.Release|Any CPU.Build.0 = Release|Any CPU
		{A7E5F40C-9B31-4A2C-BE77-5D1E2F3A4B5C}.Release|x64.ActiveCfg = Release|Any CPU
		{A7E5F40C-9B31-4A2C-BE77-5D1E2F3A4B5C}.Release|x64.Build.0 = Release|Any CPU
		{A7E5F40C-9B31-4A2C-BE77-5D1E2F3A4B5C}.Release|x86.ActiveCfg = Release|Any CPU
		{A7E5F40C-9B31-4A2C-BE77-5D1E2F3A4B5C}.Release|x86.Build.0 = Release|Any CPU
		{C54DD988-C39B-47A6-91AD-D9700FB39202}.Debug|Any CPU.ActiveCfg = Debug|Any CPU
		{C54DD988-C39B-47A6-91AD-D9700FB39202}.Debug|Any CPU.Build.0 = Debug|Any CPU
		{C54DD988-C39B-47A6-91AD-D9700FB39202}.Debug|x64.ActiveCfg = Debug|Any CPU
		{C54DD988-C39B-47A6-91AD-D9700FB39202}.Debug|x64.Build.0 = Debug|Any CPU
		{C54DD988-C39B-47A6-91AD-D9700FB39202}.Debug|x86.ActiveCfg = Debug|Any CPU
		{C54DD988-C39B-47A6-91AD-D9700FB39202}.Debug|x86.Build.0 = Debug|Any CPU
		{C54DD988-C39B-47A6-91AD-D9700FB39202}.Release|Any CPU.ActiveCfg = Release|Any CPU
		{C54DD988-C39B-47A6-91AD-D9700FB39202}.Release|Any CPU.Build.0 = Release|Any CPU
		{C54DD988-C39B-47A6-91AD-D9700FB39202}.Release|x64.ActiveCfg = Release|Any CPU
		{C54DD988-C39B-47A6-91AD-D9700FB39202}.Release|x64.Build.0 = Release|Any CPU
		{C54DD988-C39B-47A6-91AD-D9700FB39202}.Release|x86.ActiveCfg = Release|Any CPU
		{C54DD988-C39B-47A6-91AD-D9700FB39202}.Release|x86.Build.0 = Release|Any CPU
		{D5FEE45E-429F-4015-8593-9D935E34ABB6}.Debug|Any CPU.ActiveCfg = Debug|Any CPU
		{D5FEE45E-429F-4015-8593-9D935E34ABB6}.Debug|Any CPU.Build.0 = Debug|Any CPU
		{D5FEE45E-429F-4015-8593-9D935E34ABB6}.Debug|x64.ActiveCfg = Debug|Any CPU
		{D5FEE45E-429F-4015-8593-9D935E34ABB6}.Debug|x64.Build.0 = Debug|Any CPU
		{D5FEE45E-429F-4015-8593-9D935E34ABB6}.Debug|x86.ActiveCfg = Debug|Any CPU
		{D5FEE45E-429F-4015-8593-9D935E34ABB6}.Debug|x86.Build.0 = Debug|Any CPU
		{D5FEE45E-429F-4015-8593-9D935E34ABB6}.Release|Any CPU.ActiveCfg = Release|Any CPU
		{D5FEE45E-429F-4015-8593-9D935E34ABB6}.Release|Any CPU.Build.0 = Release|Any CPU
		{D5FEE45E-429F-4015-8593-9D935E34ABB6}.Release|x64.ActiveCfg = Release|Any CPU
		{D5FEE45E-429F-4015-8593-9D935E34ABB6}.Release|x64.Build.0 = Release|Any CPU
		{D5FEE45E-429F-4015-8593-9D935E34ABB6}.Release|x86.ActiveCfg = Release|Any CPU
		{D5FEE45E-429F-4015-8593-9D935E34ABB6}.Release|x86.Build.0 = Release|Any CPU
		{6B8A7BD9-C6F6-4950-A9D3-C737F7F55542}.Debug|Any CPU.ActiveCfg = Debug|Any CPU
		{6B8A7BD9-C6F6-4950-A9D3-C737F7F55542}.Debug|Any CPU.Build.0 = Debug|Any CPU
		{6B8A7BD9-C6F6-4950-A9D3-C737F7F55542}.Debug|x64.ActiveCfg = Debug|Any CPU
		{6B8A7BD9-C6F6-4950-A9D3-C737F7F55542}.Debug|x64.Build.0 = Debug|Any CPU
		{6B8A7BD9-C6F6-4950-A9D3-C737F7F55542}.Debug|x86.ActiveCfg = Debug|Any CPU
		{6B8A7BD9-C6F6-4950-A9D3-C737F7F55542}.Debug|x86.Build.0 = Debug|Any CPU
		{6B8A7BD9-C6F6-4950-A9D3-C737F7F55542}.Release|Any CPU.ActiveCfg = Release|Any CPU
		{6B8A7BD9-C6F6-4950-A9D3-C737F7F55542}.Release|Any CPU.Build.0 = Release|Any CPU
		{6B8A7BD9-C6F6-4950-A9D3-C737F7F55542}.Release|x64.ActiveCfg = Release|Any CPU
		{6B8A7BD9-C6F6-4950-A9D3-C737F7F55542}.Release|x64.Build.0 = Release|Any CPU
		{6B8A7BD9-C6F6-4950-A9D3-C737F7F55542}.Release|x86.ActiveCfg = Release|Any CPU
		{6B8A7BD9-C6F6-4950-A9D3-C737F7F55542}.Release|x86.Build.0 = Release|Any CPU
		{211468EA-2BB0-40EC-9F6A-2C35516562A2}.Debug|Any CPU.ActiveCfg = Debug|Any CPU
		{211468EA-2BB0-40EC-9F6A-2C35516562A2}.Debug|Any CPU.Build.0 = Debug|Any CPU
		{211468EA-2BB0-40EC-9F6A-2C35516562A2}.Debug|x64.ActiveCfg = Debug|Any CPU
		{211468EA-2BB0-40EC-9F6A-2C35516562A2}.Debug|x64.Build.0 = Debug|Any CPU
		{211468EA-2BB0-40EC-9F6A-2C35516562A2}.Debug|x86.ActiveCfg = Debug|Any CPU
		{211468EA-2BB0-40EC-9F6A-2C35516562A2}.Debug|x86.Build.0 = Debug|Any CPU
		{211468EA-2BB0-40EC-9F6A-2C35516562A2}.Release|Any CPU.ActiveCfg = Release|Any CPU
		{211468EA-2BB0-40EC-9F6A-2C35516562A2}.Release|Any CPU.Build.0 = Release|Any CPU
		{211468EA-2BB0-40EC-9F6A-2C35516562A2}.Release|x64.ActiveCfg = Release|Any CPU
		{211468EA-2BB0-40EC-9F6A-2C35516562A2}.Release|x64.Build.0 = Release|Any CPU
		{211468EA-2BB0-40EC-9F6A-2C35516562A2}.Release|x86.ActiveCfg = Release|Any CPU
		{211468EA-2BB0-40EC-9F6A-2C35516562A2}.Release|x86.Build.0 = Release|Any CPU
	EndGlobalSection
	GlobalSection(SolutionProperties) = preSolution
		HideSolutionNode = FALSE
	EndGlobalSection
EndGlobal
